// !$*UTF8*$!
{
	archiveVersion = 1;
	classes = {
	};
	objectVersion = 48;
	objects = {

/* Begin PBXBuildFile section */
		A228731C1FE975DF00D2914D /* ExpandableLayout.swift in Sources */ = {isa = PBXBuildFile; fileRef = A228731B1FE975DF00D2914D /* ExpandableLayout.swift */; };
		A2935E7C1FE96CC20032CBD1 /* AppDelegate.swift in Sources */ = {isa = PBXBuildFile; fileRef = A2935E7B1FE96CC20032CBD1 /* AppDelegate.swift */; };
		A2935E7E1FE96CC20032CBD1 /* ViewController.swift in Sources */ = {isa = PBXBuildFile; fileRef = A2935E7D1FE96CC20032CBD1 /* ViewController.swift */; };
		A2935E811FE96CC20032CBD1 /* Main.storyboard in Resources */ = {isa = PBXBuildFile; fileRef = A2935E7F1FE96CC20032CBD1 /* Main.storyboard */; };
		A2935E831FE96CC20032CBD1 /* Assets.xcassets in Resources */ = {isa = PBXBuildFile; fileRef = A2935E821FE96CC20032CBD1 /* Assets.xcassets */; };
		A2935E861FE96CC20032CBD1 /* LaunchScreen.storyboard in Resources */ = {isa = PBXBuildFile; fileRef = A2935E841FE96CC20032CBD1 /* LaunchScreen.storyboard */; };
		A2F8A1D52003FB00007D7F72 /* SuperCell.swift in Sources */ = {isa = PBXBuildFile; fileRef = A2F8A1D42003FB00007D7F72 /* SuperCell.swift */; };
		A2F8A1D72003FC38007D7F72 /* HeaderView.swift in Sources */ = {isa = PBXBuildFile; fileRef = A2F8A1D62003FC38007D7F72 /* HeaderView.swift */; };
/* End PBXBuildFile section */

/* Begin PBXFileReference section */
		A228731B1FE975DF00D2914D /* ExpandableLayout.swift */ = {isa = PBXFileReference; lastKnownFileType = sourcecode.swift; path = ExpandableLayout.swift; sourceTree = "<group>"; };
		A2935E781FE96CC20032CBD1 /* TestCollectionView.app */ = {isa = PBXFileReference; explicitFileType = wrapper.application; includeInIndex = 0; path = TestCollectionView.app; sourceTree = BUILT_PRODUCTS_DIR; };
		A2935E7B1FE96CC20032CBD1 /* AppDelegate.swift */ = {isa = PBXFileReference; lastKnownFileType = sourcecode.swift; path = AppDelegate.swift; sourceTree = "<group>"; };
		A2935E7D1FE96CC20032CBD1 /* ViewController.swift */ = {isa = PBXFileReference; lastKnownFileType = sourcecode.swift; path = ViewController.swift; sourceTree = "<group>"; };
		A2935E801FE96CC20032CBD1 /* Base */ = {isa = PBXFileReference; lastKnownFileType = file.storyboard; name = Base; path = Base.lproj/Main.storyboard; sourceTree = "<group>"; };
		A2935E821FE96CC20032CBD1 /* Assets.xcassets */ = {isa = PBXFileReference; lastKnownFileType = folder.assetcatalog; path = Assets.xcassets; sourceTree = "<group>"; };
		A2935E851FE96CC20032CBD1 /* Base */ = {isa = PBXFileReference; lastKnownFileType = file.storyboard; name = Base; path = Base.lproj/LaunchScreen.storyboard; sourceTree = "<group>"; };
		A2935E871FE96CC20032CBD1 /* Info.plist */ = {isa = PBXFileReference; lastKnownFileType = text.plist.xml; path = Info.plist; sourceTree = "<group>"; };
		A2F8A1D42003FB00007D7F72 /* SuperCell.swift */ = {isa = PBXFileReference; lastKnownFileType = sourcecode.swift; path = SuperCell.swift; sourceTree = "<group>"; };
		A2F8A1D62003FC38007D7F72 /* HeaderView.swift */ = {isa = PBXFileReference; lastKnownFileType = sourcecode.swift; path = HeaderView.swift; sourceTree = "<group>"; };
/* End PBXFileReference section */

/* Begin PBXFrameworksBuildPhase section */
		A2935E751FE96CC20032CBD1 /* Frameworks */ = {
			isa = PBXFrameworksBuildPhase;
			buildActionMask = 2147483647;
			files = (
			);
			runOnlyForDeploymentPostprocessing = 0;
		};
/* End PBXFrameworksBuildPhase section */

/* Begin PBXGroup section */
		A2935E6F1FE96CC20032CBD1 = {
			isa = PBXGroup;
			children = (
				A2935E7A1FE96CC20032CBD1 /* TestCollectionView */,
				A2935E791FE96CC20032CBD1 /* Products */,
			);
			sourceTree = "<group>";
		};
		A2935E791FE96CC20032CBD1 /* Products */ = {
			isa = PBXGroup;
			children = (
				A2935E781FE96CC20032CBD1 /* TestCollectionView.app */,
			);
			name = Products;
			sourceTree = "<group>";
		};
		A2935E7A1FE96CC20032CBD1 /* TestCollectionView */ = {
			isa = PBXGroup;
			children = (
				A2935E7B1FE96CC20032CBD1 /* AppDelegate.swift */,
				A2935E7D1FE96CC20032CBD1 /* ViewController.swift */,
				A228731B1FE975DF00D2914D /* ExpandableLayout.swift */,
				A2935E7F1FE96CC20032CBD1 /* Main.storyboard */,
				A2935E821FE96CC20032CBD1 /* Assets.xcassets */,
				A2F8A1D62003FC38007D7F72 /* HeaderView.swift */,
				A2F8A1D42003FB00007D7F72 /* SuperCell.swift */,
				A2935E841FE96CC20032CBD1 /* LaunchScreen.storyboard */,
				A2935E871FE96CC20032CBD1 /* Info.plist */,
			);
			path = TestCollectionView;
			sourceTree = "<group>";
		};
/* End PBXGroup section */

/* Begin PBXNativeTarget section */
		A2935E771FE96CC20032CBD1 /* TestCollectionView */ = {
			isa = PBXNativeTarget;
			buildConfigurationList = A2935E8A1FE96CC20032CBD1 /* Build configuration list for PBXNativeTarget "TestCollectionView" */;
			buildPhases = (
				A2935E741FE96CC20032CBD1 /* Sources */,
				A2935E751FE96CC20032CBD1 /* Frameworks */,
				A2935E761FE96CC20032CBD1 /* Resources */,
			);
			buildRules = (
			);
			dependencies = (
			);
			name = TestCollectionView;
			productName = TestCollectionView;
			productReference = A2935E781FE96CC20032CBD1 /* TestCollectionView.app */;
			productType = "com.apple.product-type.application";
		};
/* End PBXNativeTarget section */

/* Begin PBXProject section */
		A2935E701FE96CC20032CBD1 /* Project object */ = {
			isa = PBXProject;
			attributes = {
				LastSwiftUpdateCheck = 0910;
				LastUpgradeCheck = 0910;
				ORGANIZATIONNAME = "Panda Systems";
				TargetAttributes = {
					A2935E771FE96CC20032CBD1 = {
						CreatedOnToolsVersion = 9.1;
						ProvisioningStyle = Automatic;
					};
				};
			};
			buildConfigurationList = A2935E731FE96CC20032CBD1 /* Build configuration list for PBXProject "TestCollectionView" */;
			compatibilityVersion = "Xcode 8.0";
			developmentRegion = en;
			hasScannedForEncodings = 0;
			knownRegions = (
				en,
				Base,
			);
			mainGroup = A2935E6F1FE96CC20032CBD1;
			productRefGroup = A2935E791FE96CC20032CBD1 /* Products */;
			projectDirPath = "";
			projectRoot = "";
			targets = (
				A2935E771FE96CC20032CBD1 /* TestCollectionView */,
			);
		};
/* End PBXProject section */

/* Begin PBXResourcesBuildPhase section */
		A2935E761FE96CC20032CBD1 /* Resources */ = {
			isa = PBXResourcesBuildPhase;
			buildActionMask = 2147483647;
			files = (
				A2935E861FE96CC20032CBD1 /* LaunchScreen.storyboard in Resources */,
				A2935E831FE96CC20032CBD1 /* Assets.xcassets in Resources */,
				A2935E811FE96CC20032CBD1 /* Main.storyboard in Resources */,
			);
			runOnlyForDeploymentPostprocessing = 0;
		};
/* End PBXResourcesBuildPhase section */

/* Begin PBXSourcesBuildPhase section */
		A2935E741FE96CC20032CBD1 /* Sources */ = {
			isa = PBXSourcesBuildPhase;
			buildActionMask = 2147483647;
			files = (
				A2F8A1D72003FC38007D7F72 /* HeaderView.swift in Sources */,
				A2935E7E1FE96CC20032CBD1 /* ViewController.swift in Sources */,
				A2935E7C1FE96CC20032CBD1 /* AppDelegate.swift in Sources */,
				A2F8A1D52003FB00007D7F72 /* SuperCell.swift in Sources */,
				A228731C1FE975DF00D2914D /* ExpandableLayout.swift in Sources */,
			);
			runOnlyForDeploymentPostprocessing = 0;
		};
/* End PBXSourcesBuildPhase section */

/* Begin PBXVariantGroup section */
		A2935E7F1FE96CC20032CBD1 /* Main.storyboard */ = {
			isa = PBXVariantGroup;
			children = (
				A2935E801FE96CC20032CBD1 /* Base */,
			);
			name = Main.storyboard;
			sourceTree = "<group>";
		};
		A2935E841FE96CC20032CBD1 /* LaunchScreen.storyboard */ = {
			isa = PBXVariantGroup;
			children = (
				A2935E851FE96CC20032CBD1 /* Base */,
			);
			name = LaunchScreen.storyboard;
			sourceTree = "<group>";
		};
/* End PBXVariantGroup section */

/* Begin XCBuildConfiguration section */
		A2935E881FE96CC20032CBD1 /* Debug */ = {
			isa = XCBuildConfiguration;
			buildSettings = {
				ALWAYS_SEARCH_USER_PATHS = NO;
				CLANG_ANALYZER_NONNULL = YES;
				CLANG_ANALYZER_NUMBER_OBJECT_CONVERSION = YES_AGGRESSIVE;
				CLANG_CXX_LANGUAGE_STANDARD = "gnu++14";
				CLANG_CXX_LIBRARY = "libc++";
				CLANG_ENABLE_MODULES = YES;
				CLANG_ENABLE_OBJC_ARC = YES;
				CLANG_WARN_BLOCK_CAPTURE_AUTORELEASING = YES;
				CLANG_WARN_BOOL_CONVERSION = YES;
				CLANG_WARN_COMMA = YES;
				CLANG_WARN_CONSTANT_CONVERSION = YES;
				CLANG_WARN_DIRECT_OBJC_ISA_USAGE = YES_ERROR;
				CLANG_WARN_DOCUMENTATION_COMMENTS = YES;
				CLANG_WARN_EMPTY_BODY = YES;
				CLANG_WARN_ENUM_CONVERSION = YES;
				CLANG_WARN_INFINITE_RECURSION = YES;
				CLANG_WARN_INT_CONVERSION = YES;
				CLANG_WARN_NON_LITERAL_NULL_CONVERSION = YES;
				CLANG_WARN_OBJC_LITERAL_CONVERSION = YES;
				CLANG_WARN_OBJC_ROOT_CLASS = YES_ERROR;
				CLANG_WARN_RANGE_LOOP_ANALYSIS = YES;
				CLANG_WARN_STRICT_PROTOTYPES = YES;
				CLANG_WARN_SUSPICIOUS_MOVE = YES;
				CLANG_WARN_UNGUARDED_AVAILABILITY = YES_AGGRESSIVE;
				CLANG_WARN_UNREACHABLE_CODE = YES;
				CLANG_WARN__DUPLICATE_METHOD_MATCH = YES;
				CODE_SIGN_IDENTITY = "iPhone Developer";
				COPY_PHASE_STRIP = NO;
				DEBUG_INFORMATION_FORMAT = dwarf;
				ENABLE_STRICT_OBJC_MSGSEND = YES;
				ENABLE_TESTABILITY = YES;
				GCC_C_LANGUAGE_STANDARD = gnu11;
				GCC_DYNAMIC_NO_PIC = NO;
				GCC_NO_COMMON_BLOCKS = YES;
				GCC_OPTIMIZATION_LEVEL = 0;
				GCC_PREPROCESSOR_DEFINITIONS = (
					"DEBUG=1",
					"$(inherited)",
				);
				GCC_WARN_64_TO_32_BIT_CONVERSION = YES;
				GCC_WARN_ABOUT_RETURN_TYPE = YES_ERROR;
				GCC_WARN_UNDECLARED_SELECTOR = YES;
				GCC_WARN_UNINITIALIZED_AUTOS = YES_AGGRESSIVE;
				GCC_WARN_UNUSED_FUNCTION = YES;
				GCC_WARN_UNUSED_VARIABLE = YES;
				IPHONEOS_DEPLOYMENT_TARGET = 11.1;
				MTL_ENABLE_DEBUG_INFO = YES;
				ONLY_ACTIVE_ARCH = YES;
				SDKROOT = iphoneos;
				SWIFT_ACTIVE_COMPILATION_CONDITIONS = DEBUG;
				SWIFT_OPTIMIZATION_LEVEL = "-Onone";
			};
			name = Debug;
		};
		A2935E891FE96CC20032CBD1 /* Release */ = {
			isa = XCBuildConfiguration;
			buildSettings = {
				ALWAYS_SEARCH_USER_PATHS = NO;
				CLANG_ANALYZER_NONNULL = YES;
				CLANG_ANALYZER_NUMBER_OBJECT_CONVERSION = YES_AGGRESSIVE;
				CLANG_CXX_LANGUAGE_STANDARD = "gnu++14";
				CLANG_CXX_LIBRARY = "libc++";
				CLANG_ENABLE_MODULES = YES;
				CLANG_ENABLE_OBJC_ARC = YES;
				CLANG_WARN_BLOCK_CAPTURE_AUTORELEASING = YES;
				CLANG_WARN_BOOL_CONVERSION = YES;
				CLANG_WARN_COMMA = YES;
				CLANG_WARN_CONSTANT_CONVERSION = YES;
				CLANG_WARN_DIRECT_OBJC_ISA_USAGE = YES_ERROR;
				CLANG_WARN_DOCUMENTATION_COMMENTS = YES;
				CLANG_WARN_EMPTY_BODY = YES;
				CLANG_WARN_ENUM_CONVERSION = YES;
				CLANG_WARN_INFINITE_RECURSION = YES;
				CLANG_WARN_INT_CONVERSION = YES;
				CLANG_WARN_NON_LITERAL_NULL_CONVERSION = YES;
				CLANG_WARN_OBJC_LITERAL_CONVERSION = YES;
				CLANG_WARN_OBJC_ROOT_CLASS = YES_ERROR;
				CLANG_WARN_RANGE_LOOP_ANALYSIS = YES;
				CLANG_WARN_STRICT_PROTOTYPES = YES;
				CLANG_WARN_SUSPICIOUS_MOVE = YES;
				CLANG_WARN_UNGUARDED_AVAILABILITY = YES_AGGRESSIVE;
				CLANG_WARN_UNREACHABLE_CODE = YES;
				CLANG_WARN__DUPLICATE_METHOD_MATCH = YES;
				CODE_SIGN_IDENTITY = "iPhone Developer";
				COPY_PHASE_STRIP = NO;
				DEBUG_INFORMATION_FORMAT = "dwarf-with-dsym";
				ENABLE_NS_ASSERTIONS = NO;
				ENABLE_STRICT_OBJC_MSGSEND = YES;
				GCC_C_LANGUAGE_STANDARD = gnu11;
				GCC_NO_COMMON_BLOCKS = YES;
				GCC_WARN_64_TO_32_BIT_CONVERSION = YES;
				GCC_WARN_ABOUT_RETURN_TYPE = YES_ERROR;
				GCC_WARN_UNDECLARED_SELECTOR = YES;
				GCC_WARN_UNINITIALIZED_AUTOS = YES_AGGRESSIVE;
				GCC_WARN_UNUSED_FUNCTION = YES;
				GCC_WARN_UNUSED_VARIABLE = YES;
				IPHONEOS_DEPLOYMENT_TARGET = 11.1;
				MTL_ENABLE_DEBUG_INFO = NO;
				SDKROOT = iphoneos;
				SWIFT_OPTIMIZATION_LEVEL = "-Owholemodule";
				VALIDATE_PRODUCT = YES;
			};
			name = Release;
		};
		A2935E8B1FE96CC20032CBD1 /* Debug */ = {
			isa = XCBuildConfiguration;
			buildSettings = {
				ASSETCATALOG_COMPILER_APPICON_NAME = AppIcon;
				"CODE_SIGN_IDENTITY[sdk=iphoneos*]" = "iPhone Developer";
				CODE_SIGN_STYLE = Automatic;
				DEVELOPMENT_TEAM = "";
				INFOPLIST_FILE = TestCollectionView/Info.plist;
				IPHONEOS_DEPLOYMENT_TARGET = 9.0;
				LD_RUNPATH_SEARCH_PATHS = "$(inherited) @executable_path/Frameworks";
				PRODUCT_BUNDLE_IDENTIFIER = com.touchlane.ExpandableLayout;
				PRODUCT_NAME = "$(TARGET_NAME)";
				PROVISIONING_PROFILE = "";
				PROVISIONING_PROFILE_SPECIFIER = "";
				SWIFT_VERSION = 4.0;
				TARGETED_DEVICE_FAMILY = "1,2";
			};
			name = Debug;
		};
		A2935E8C1FE96CC20032CBD1 /* Release */ = {
			isa = XCBuildConfiguration;
			buildSettings = {
				ASSETCATALOG_COMPILER_APPICON_NAME = AppIcon;
				"CODE_SIGN_IDENTITY[sdk=iphoneos*]" = "iPhone Developer";
				CODE_SIGN_STYLE = Automatic;
				DEVELOPMENT_TEAM = "";
				INFOPLIST_FILE = TestCollectionView/Info.plist;
				IPHONEOS_DEPLOYMENT_TARGET = 9.0;
				LD_RUNPATH_SEARCH_PATHS = "$(inherited) @executable_path/Frameworks";
				PRODUCT_BUNDLE_IDENTIFIER = com.touchlane.ExpandableLayout;
				PRODUCT_NAME = "$(TARGET_NAME)";
				PROVISIONING_PROFILE_SPECIFIER = "";
				SWIFT_VERSION = 4.0;
				TARGETED_DEVICE_FAMILY = "1,2";
			};
			name = Release;
		};
/* End XCBuildConfiguration section */

/* Begin XCConfigurationList section */
		A2935E731FE96CC20032CBD1 /* Build configuration list for PBXProject "TestCollectionView" */ = {
			isa = XCConfigurationList;
			buildConfigurations = (
				A2935E881FE96CC20032CBD1 /* Debug */,
				A2935E891FE96CC20032CBD1 /* Release */,
			);
			defaultConfigurationIsVisible = 0;
			defaultConfigurationName = Release;
		};
		A2935E8A1FE96CC20032CBD1 /* Build configuration list for PBXNativeTarget "TestCollectionView" */ = {
			isa = XCConfigurationList;
			buildConfigurations = (
				A2935E8B1FE96CC20032CBD1 /* Debug */,
				A2935E8C1FE96CC20032CBD1 /* Release */,
			);
			defaultConfigurationIsVisible = 0;
			defaultConfigurationName = Release;
		};
/* End XCConfigurationList section */
	};
	rootObject = A2935E701FE96CC20032CBD1 /* Project object */;
}
