// !$*UTF8*$!
{
	archiveVersion = 1;
	classes = {
	};
	objectVersion = 48;
	objects = {

/* Begin PBXBuildFile section */
		057A302B2BF237CC1B8C7D5F /* Pods_Example.framework in Frameworks */ = {isa = PBXBuildFile; fileRef = 4D6D6B51DA8B2218449E8391 /* Pods_Example.framework */; };
		86EB284F203DE4920052BFA2 /* Launch Screen.storyboard in Resources */ = {isa = PBXBuildFile; fileRef = 86EB284D203DE4920052BFA2 /* Launch Screen.storyboard */; };
		A3B228A923ED503D00757A28 /* Main.storyboard in Resources */ = {isa = PBXBuildFile; fileRef = A3B228A823ED503D00757A28 /* Main.storyboard */; };
		A3B228AC23ED525100757A28 /* StoryboardViewController.swift in Sources */ = {isa = PBXBuildFile; fileRef = A3B228AB23ED525100757A28 /* StoryboardViewController.swift */; };
		DD35D958201B5F390049ED03 /* AppDelegate.swift in Sources */ = {isa = PBXBuildFile; fileRef = DD35D957201B5F390049ED03 /* AppDelegate.swift */; };
		DD35D95A201B5F390049ED03 /* ViewController.swift in Sources */ = {isa = PBXBuildFile; fileRef = DD35D959201B5F390049ED03 /* ViewController.swift */; };
		DD35D95F201B5F390049ED03 /* Images.xcassets in Resources */ = {isa = PBXBuildFile; fileRef = DD35D95E201B5F390049ED03 /* Images.xcassets */; };
		DD35D980201B63F70049ED03 /* CustomHeaderView.swift in Sources */ = {isa = PBXBuildFile; fileRef = DD35D97E201B63F70049ED03 /* CustomHeaderView.swift */; };
		DD35D981201B63F70049ED03 /* CustomCollectionViewCell.swift in Sources */ = {isa = PBXBuildFile; fileRef = DD35D97F201B63F70049ED03 /* CustomCollectionViewCell.swift */; };
		DDFB5C7A201F36BC00F8E164 /* CampcotCollectionView.framework in Copy Frameworks */ = {isa = PBXBuildFile; fileRef = DDFB5C75201F367A00F8E164 /* CampcotCollectionView.framework */; settings = {ATTRIBUTES = (CodeSignOnCopy, RemoveHeadersOnCopy, ); }; };
/* End PBXBuildFile section */

/* Begin PBXContainerItemProxy section */
		DDFB5C74201F367A00F8E164 /* PBXContainerItemProxy */ = {
			isa = PBXContainerItemProxy;
			containerPortal = DD35D96E201B62BA0049ED03 /* CampcotCollectionView.xcodeproj */;
			proxyType = 2;
			remoteGlobalIDString = DD35D92D201B57C80049ED03;
			remoteInfo = CampcotCollectionView;
		};
		DDFB5C76201F367A00F8E164 /* PBXContainerItemProxy */ = {
			isa = PBXContainerItemProxy;
			containerPortal = DD35D96E201B62BA0049ED03 /* CampcotCollectionView.xcodeproj */;
			proxyType = 2;
			remoteGlobalIDString = DD35D936201B57C80049ED03;
			remoteInfo = Tests;
		};
		DDFB5C78201F36B400F8E164 /* PBXContainerItemProxy */ = {
			isa = PBXContainerItemProxy;
			containerPortal = DD35D96E201B62BA0049ED03 /* CampcotCollectionView.xcodeproj */;
			proxyType = 1;
			remoteGlobalIDString = DD35D92C201B57C80049ED03;
			remoteInfo = CampcotCollectionView;
		};
/* End PBXContainerItemProxy section */

/* Begin PBXCopyFilesBuildPhase section */
		DD35D979201B62CE0049ED03 /* Copy Frameworks */ = {
			isa = PBXCopyFilesBuildPhase;
			buildActionMask = 2147483647;
			dstPath = "";
			dstSubfolderSpec = 10;
			files = (
				DDFB5C7A201F36BC00F8E164 /* CampcotCollectionView.framework in Copy Frameworks */,
			);
			name = "Copy Frameworks";
			runOnlyForDeploymentPostprocessing = 0;
		};
/* End PBXCopyFilesBuildPhase section */

/* Begin PBXFileReference section */
		0EB8B55029E6F28D53F29AC6 /* Pods-Example.debug.xcconfig */ = {isa = PBXFileReference; includeInIndex = 1; lastKnownFileType = text.xcconfig; name = "Pods-Example.debug.xcconfig"; path = "Target Support Files/Pods-Example/Pods-Example.debug.xcconfig"; sourceTree = "<group>"; };
		48A6ED6856A279C10ADFFE58 /* Pods-Example.release.xcconfig */ = {isa = PBXFileReference; includeInIndex = 1; lastKnownFileType = text.xcconfig; name = "Pods-Example.release.xcconfig"; path = "Target Support Files/Pods-Example/Pods-Example.release.xcconfig"; sourceTree = "<group>"; };
		4D6D6B51DA8B2218449E8391 /* Pods_Example.framework */ = {isa = PBXFileReference; explicitFileType = wrapper.framework; includeInIndex = 0; path = Pods_Example.framework; sourceTree = BUILT_PRODUCTS_DIR; };
		86EB284D203DE4920052BFA2 /* Launch Screen.storyboard */ = {isa = PBXFileReference; fileEncoding = 4; lastKnownFileType = file.storyboard; path = "Launch Screen.storyboard"; sourceTree = "<group>"; };
		A3B228A823ED503D00757A28 /* Main.storyboard */ = {isa = PBXFileReference; lastKnownFileType = file.storyboard; path = Main.storyboard; sourceTree = "<group>"; };
		A3B228AB23ED525100757A28 /* StoryboardViewController.swift */ = {isa = PBXFileReference; lastKnownFileType = sourcecode.swift; path = StoryboardViewController.swift; sourceTree = "<group>"; };
		DD35D954201B5F390049ED03 /* Example.app */ = {isa = PBXFileReference; explicitFileType = wrapper.application; includeInIndex = 0; path = Example.app; sourceTree = BUILT_PRODUCTS_DIR; };
		DD35D957201B5F390049ED03 /* AppDelegate.swift */ = {isa = PBXFileReference; lastKnownFileType = sourcecode.swift; path = AppDelegate.swift; sourceTree = "<group>"; };
		DD35D959201B5F390049ED03 /* ViewController.swift */ = {isa = PBXFileReference; lastKnownFileType = sourcecode.swift; path = ViewController.swift; sourceTree = "<group>"; };
		DD35D95E201B5F390049ED03 /* Images.xcassets */ = {isa = PBXFileReference; lastKnownFileType = folder.assetcatalog; path = Images.xcassets; sourceTree = "<group>"; };
		DD35D963201B5F390049ED03 /* Info.plist */ = {isa = PBXFileReference; lastKnownFileType = text.plist.xml; path = Info.plist; sourceTree = "<group>"; };
		DD35D96E201B62BA0049ED03 /* CampcotCollectionView.xcodeproj */ = {isa = PBXFileReference; lastKnownFileType = "wrapper.pb-project"; name = CampcotCollectionView.xcodeproj; path = ../CampcotCollectionView.xcodeproj; sourceTree = "<group>"; };
		DD35D97E201B63F70049ED03 /* CustomHeaderView.swift */ = {isa = PBXFileReference; fileEncoding = 4; lastKnownFileType = sourcecode.swift; path = CustomHeaderView.swift; sourceTree = "<group>"; };
		DD35D97F201B63F70049ED03 /* CustomCollectionViewCell.swift */ = {isa = PBXFileReference; fileEncoding = 4; lastKnownFileType = sourcecode.swift; path = CustomCollectionViewCell.swift; sourceTree = "<group>"; };
/* End PBXFileReference section */

/* Begin PBXFrameworksBuildPhase section */
		DD35D951201B5F390049ED03 /* Frameworks */ = {
			isa = PBXFrameworksBuildPhase;
			buildActionMask = 2147483647;
			files = (
				057A302B2BF237CC1B8C7D5F /* Pods_Example.framework in Frameworks */,
			);
			runOnlyForDeploymentPostprocessing = 0;
		};
/* End PBXFrameworksBuildPhase section */

/* Begin PBXGroup section */
		5446346D925C4AF96195A4DA /* Pods */ = {
			isa = PBXGroup;
			children = (
				0EB8B55029E6F28D53F29AC6 /* Pods-Example.debug.xcconfig */,
				48A6ED6856A279C10ADFFE58 /* Pods-Example.release.xcconfig */,
			);
			name = Pods;
			path = ../Pods;
			sourceTree = "<group>";
		};
		546E5B6B2F30BA772882A21F /* Frameworks */ = {
			isa = PBXGroup;
			children = (
				4D6D6B51DA8B2218449E8391 /* Pods_Example.framework */,
			);
			name = Frameworks;
			sourceTree = "<group>";
		};
		DD35D94B201B5F390049ED03 = {
			isa = PBXGroup;
			children = (
				DD35D956201B5F390049ED03 /* Source */,
				DD35D955201B5F390049ED03 /* Products */,
				DD35D96E201B62BA0049ED03 /* CampcotCollectionView.xcodeproj */,
				5446346D925C4AF96195A4DA /* Pods */,
				546E5B6B2F30BA772882A21F /* Frameworks */,
			);
			sourceTree = "<group>";
		};
		DD35D955201B5F390049ED03 /* Products */ = {
			isa = PBXGroup;
			children = (
				DD35D954201B5F390049ED03 /* Example.app */,
			);
			name = Products;
			sourceTree = "<group>";
		};
		DD35D956201B5F390049ED03 /* Source */ = {
			isa = PBXGroup;
			children = (
				DD35D959201B5F390049ED03 /* ViewController.swift */,
				A3B228AB23ED525100757A28 /* StoryboardViewController.swift */,
				DD35D97E201B63F70049ED03 /* CustomHeaderView.swift */,
				DD35D97F201B63F70049ED03 /* CustomCollectionViewCell.swift */,
				DD35D957201B5F390049ED03 /* AppDelegate.swift */,
				DD35D95E201B5F390049ED03 /* Images.xcassets */,
				86EB284D203DE4920052BFA2 /* Launch Screen.storyboard */,
				A3B228A823ED503D00757A28 /* Main.storyboard */,
				DD35D969201B5FB10049ED03 /* Supporting Files */,
			);
			path = Source;
			sourceTree = "<group>";
		};
		DD35D969201B5FB10049ED03 /* Supporting Files */ = {
			isa = PBXGroup;
			children = (
				DD35D963201B5F390049ED03 /* Info.plist */,
			);
			path = "Supporting Files";
			sourceTree = "<group>";
		};
		DDFB5C70201F367800F8E164 /* Products */ = {
			isa = PBXGroup;
			children = (
				DDFB5C75201F367A00F8E164 /* CampcotCollectionView.framework */,
				DDFB5C77201F367A00F8E164 /* Tests.xctest */,
			);
			name = Products;
			sourceTree = "<group>";
		};
/* End PBXGroup section */

/* Begin PBXNativeTarget section */
		DD35D953201B5F390049ED03 /* Example */ = {
			isa = PBXNativeTarget;
			buildConfigurationList = DD35D966201B5F390049ED03 /* Build configuration list for PBXNativeTarget "Example" */;
			buildPhases = (
				8D6BBF9797FE62D244E434C1 /* [CP] Check Pods Manifest.lock */,
				DD35D950201B5F390049ED03 /* Sources */,
				DD35D951201B5F390049ED03 /* Frameworks */,
				DD35D952201B5F390049ED03 /* Resources */,
				DD35D979201B62CE0049ED03 /* Copy Frameworks */,
				A31AD7A524040C3B004A1212 /* ShellScript */,
			);
			buildRules = (
			);
			dependencies = (
				DDFB5C79201F36B400F8E164 /* PBXTargetDependency */,
			);
			name = Example;
			productName = Example;
			productReference = DD35D954201B5F390049ED03 /* Example.app */;
			productType = "com.apple.product-type.application";
		};
/* End PBXNativeTarget section */

/* Begin PBXProject section */
		DD35D94C201B5F390049ED03 /* Project object */ = {
			isa = PBXProject;
			attributes = {
				LastSwiftUpdateCheck = 0920;
				LastUpgradeCheck = 1010;
				ORGANIZATIONNAME = "Touchlane LLC";
				TargetAttributes = {
					DD35D953201B5F390049ED03 = {
						CreatedOnToolsVersion = 9.2;
						LastSwiftMigration = 1020;
						ProvisioningStyle = Automatic;
					};
				};
			};
			buildConfigurationList = DD35D94F201B5F390049ED03 /* Build configuration list for PBXProject "Example" */;
			compatibilityVersion = "Xcode 8.0";
			developmentRegion = en;
			hasScannedForEncodings = 0;
			knownRegions = (
				en,
				Base,
			);
			mainGroup = DD35D94B201B5F390049ED03;
			productRefGroup = DD35D955201B5F390049ED03 /* Products */;
			projectDirPath = "";
			projectReferences = (
				{
					ProductGroup = DDFB5C70201F367800F8E164 /* Products */;
					ProjectRef = DD35D96E201B62BA0049ED03 /* CampcotCollectionView.xcodeproj */;
				},
			);
			projectRoot = "";
			targets = (
				DD35D953201B5F390049ED03 /* Example */,
			);
		};
/* End PBXProject section */

/* Begin PBXReferenceProxy section */
		DDFB5C75201F367A00F8E164 /* CampcotCollectionView.framework */ = {
			isa = PBXReferenceProxy;
			fileType = wrapper.framework;
			path = CampcotCollectionView.framework;
			remoteRef = DDFB5C74201F367A00F8E164 /* PBXContainerItemProxy */;
			sourceTree = BUILT_PRODUCTS_DIR;
		};
		DDFB5C77201F367A00F8E164 /* Tests.xctest */ = {
			isa = PBXReferenceProxy;
			fileType = wrapper.cfbundle;
			path = Tests.xctest;
			remoteRef = DDFB5C76201F367A00F8E164 /* PBXContainerItemProxy */;
			sourceTree = BUILT_PRODUCTS_DIR;
		};
/* End PBXReferenceProxy section */

/* Begin PBXResourcesBuildPhase section */
		DD35D952201B5F390049ED03 /* Resources */ = {
			isa = PBXResourcesBuildPhase;
			buildActionMask = 2147483647;
			files = (
				86EB284F203DE4920052BFA2 /* Launch Screen.storyboard in Resources */,
				DD35D95F201B5F390049ED03 /* Images.xcassets in Resources */,
				A3B228A923ED503D00757A28 /* Main.storyboard in Resources */,
			);
			runOnlyForDeploymentPostprocessing = 0;
		};
/* End PBXResourcesBuildPhase section */

/* Begin PBXShellScriptBuildPhase section */
		8D6BBF9797FE62D244E434C1 /* [CP] Check Pods Manifest.lock */ = {
			isa = PBXShellScriptBuildPhase;
			buildActionMask = 2147483647;
			files = (
			);
			inputFileListPaths = (
			);
			inputPaths = (
				"${PODS_PODFILE_DIR_PATH}/Podfile.lock",
				"${PODS_ROOT}/Manifest.lock",
			);
			name = "[CP] Check Pods Manifest.lock";
			outputFileListPaths = (
			);
			outputPaths = (
				"$(DERIVED_FILE_DIR)/Pods-Example-checkManifestLockResult.txt",
			);
			runOnlyForDeploymentPostprocessing = 0;
			shellPath = /bin/sh;
			shellScript = "diff \"${PODS_PODFILE_DIR_PATH}/Podfile.lock\" \"${PODS_ROOT}/Manifest.lock\" > /dev/null\nif [ $? != 0 ] ; then\n    # print error to STDERR\n    echo \"error: The sandbox is not in sync with the Podfile.lock. Run 'pod install' or update your CocoaPods installation.\" >&2\n    exit 1\nfi\n# This output is used by Xcode 'outputs' to avoid re-running this script phase.\necho \"SUCCESS\" > \"${SCRIPT_OUTPUT_FILE_0}\"\n";
			showEnvVarsInLog = 0;
		};
		A31AD7A524040C3B004A1212 /* ShellScript */ = {
			isa = PBXShellScriptBuildPhase;
			buildActionMask = 2147483647;
			files = (
			);
			inputFileListPaths = (
			);
			inputPaths = (
			);
			outputFileListPaths = (
			);
			outputPaths = (
			);
			runOnlyForDeploymentPostprocessing = 0;
			shellPath = /bin/sh;
			shellScript = "\"${PODS_ROOT}/SwiftFormat/CommandLineTool/swiftformat\" --lint --lenient \"$SRCROOT\"\n";
		};
/* End PBXShellScriptBuildPhase section */

/* Begin PBXSourcesBuildPhase section */
		DD35D950201B5F390049ED03 /* Sources */ = {
			isa = PBXSourcesBuildPhase;
			buildActionMask = 2147483647;
			files = (
				A3B228AC23ED525100757A28 /* StoryboardViewController.swift in Sources */,
				DD35D95A201B5F390049ED03 /* ViewController.swift in Sources */,
				DD35D981201B63F70049ED03 /* CustomCollectionViewCell.swift in Sources */,
				DD35D980201B63F70049ED03 /* CustomHeaderView.swift in Sources */,
				DD35D958201B5F390049ED03 /* AppDelegate.swift in Sources */,
			);
			runOnlyForDeploymentPostprocessing = 0;
		};
/* End PBXSourcesBuildPhase section */

/* Begin PBXTargetDependency section */
		DDFB5C79201F36B400F8E164 /* PBXTargetDependency */ = {
			isa = PBXTargetDependency;
			name = CampcotCollectionView;
			targetProxy = DDFB5C78201F36B400F8E164 /* PBXContainerItemProxy */;
		};
/* End PBXTargetDependency section */

/* Begin XCBuildConfiguration section */
		DD35D964201B5F390049ED03 /* Debug */ = {
			isa = XCBuildConfiguration;
			buildSettings = {
				ALWAYS_SEARCH_USER_PATHS = NO;
				CLANG_ANALYZER_NONNULL = YES;
				CLANG_ANALYZER_NUMBER_OBJECT_CONVERSION = YES_AGGRESSIVE;
				CLANG_CXX_LANGUAGE_STANDARD = "gnu++14";
				CLANG_CXX_LIBRARY = "libc++";
				CLANG_ENABLE_MODULES = YES;
				CLANG_ENABLE_OBJC_ARC = YES;
				CLANG_WARN_BLOCK_CAPTURE_AUTORELEASING = YES;
				CLANG_WARN_BOOL_CONVERSION = YES;
				CLANG_WARN_COMMA = YES;
				CLANG_WARN_CONSTANT_CONVERSION = YES;
				CLANG_WARN_DEPRECATED_OBJC_IMPLEMENTATIONS = YES;
				CLANG_WARN_DIRECT_OBJC_ISA_USAGE = YES_ERROR;
				CLANG_WARN_DOCUMENTATION_COMMENTS = YES;
				CLANG_WARN_EMPTY_BODY = YES;
				CLANG_WARN_ENUM_CONVERSION = YES;
				CLANG_WARN_INFINITE_RECURSION = YES;
				CLANG_WARN_INT_CONVERSION = YES;
				CLANG_WARN_NON_LITERAL_NULL_CONVERSION = YES;
				CLANG_WARN_OBJC_IMPLICIT_RETAIN_SELF = YES;
				CLANG_WARN_OBJC_LITERAL_CONVERSION = YES;
				CLANG_WARN_OBJC_ROOT_CLASS = YES_ERROR;
				CLANG_WARN_RANGE_LOOP_ANALYSIS = YES;
				CLANG_WARN_STRICT_PROTOTYPES = YES;
				CLANG_WARN_SUSPICIOUS_MOVE = YES;
				CLANG_WARN_UNGUARDED_AVAILABILITY = YES_AGGRESSIVE;
				CLANG_WARN_UNREACHABLE_CODE = YES;
				CLANG_WARN__DUPLICATE_METHOD_MATCH = YES;
				CODE_SIGN_IDENTITY = "iPhone Developer";
				COPY_PHASE_STRIP = NO;
				DEBUG_INFORMATION_FORMAT = dwarf;
				ENABLE_STRICT_OBJC_MSGSEND = YES;
				ENABLE_TESTABILITY = YES;
				GCC_C_LANGUAGE_STANDARD = gnu11;
				GCC_DYNAMIC_NO_PIC = NO;
				GCC_NO_COMMON_BLOCKS = YES;
				GCC_OPTIMIZATION_LEVEL = 0;
				GCC_PREPROCESSOR_DEFINITIONS = (
					"DEBUG=1",
					"$(inherited)",
				);
				GCC_WARN_64_TO_32_BIT_CONVERSION = YES;
				GCC_WARN_ABOUT_RETURN_TYPE = YES_ERROR;
				GCC_WARN_UNDECLARED_SELECTOR = YES;
				GCC_WARN_UNINITIALIZED_AUTOS = YES_AGGRESSIVE;
				GCC_WARN_UNUSED_FUNCTION = YES;
				GCC_WARN_UNUSED_VARIABLE = YES;
				IPHONEOS_DEPLOYMENT_TARGET = 9.0;
				MTL_ENABLE_DEBUG_INFO = YES;
				ONLY_ACTIVE_ARCH = YES;
				SDKROOT = iphoneos;
				SWIFT_ACTIVE_COMPILATION_CONDITIONS = DEBUG;
				SWIFT_OPTIMIZATION_LEVEL = "-Onone";
			};
			name = Debug;
		};
		DD35D965201B5F390049ED03 /* Release */ = {
			isa = XCBuildConfiguration;
			buildSettings = {
				ALWAYS_SEARCH_USER_PATHS = NO;
				CLANG_ANALYZER_NONNULL = YES;
				CLANG_ANALYZER_NUMBER_OBJECT_CONVERSION = YES_AGGRESSIVE;
				CLANG_CXX_LANGUAGE_STANDARD = "gnu++14";
				CLANG_CXX_LIBRARY = "libc++";
				CLANG_ENABLE_MODULES = YES;
				CLANG_ENABLE_OBJC_ARC = YES;
				CLANG_WARN_BLOCK_CAPTURE_AUTORELEASING = YES;
				CLANG_WARN_BOOL_CONVERSION = YES;
				CLANG_WARN_COMMA = YES;
				CLANG_WARN_CONSTANT_CONVERSION = YES;
				CLANG_WARN_DEPRECATED_OBJC_IMPLEMENTATIONS = YES;
				CLANG_WARN_DIRECT_OBJC_ISA_USAGE = YES_ERROR;
				CLANG_WARN_DOCUMENTATION_COMMENTS = YES;
				CLANG_WARN_EMPTY_BODY = YES;
				CLANG_WARN_ENUM_CONVERSION = YES;
				CLANG_WARN_INFINITE_RECURSION = YES;
				CLANG_WARN_INT_CONVERSION = YES;
				CLANG_WARN_NON_LITERAL_NULL_CONVERSION = YES;
				CLANG_WARN_OBJC_IMPLICIT_RETAIN_SELF = YES;
				CLANG_WARN_OBJC_LITERAL_CONVERSION = YES;
				CLANG_WARN_OBJC_ROOT_CLASS = YES_ERROR;
				CLANG_WARN_RANGE_LOOP_ANALYSIS = YES;
				CLANG_WARN_STRICT_PROTOTYPES = YES;
				CLANG_WARN_SUSPICIOUS_MOVE = YES;
				CLANG_WARN_UNGUARDED_AVAILABILITY = YES_AGGRESSIVE;
				CLANG_WARN_UNREACHABLE_CODE = YES;
				CLANG_WARN__DUPLICATE_METHOD_MATCH = YES;
				CODE_SIGN_IDENTITY = "iPhone Developer";
				COPY_PHASE_STRIP = NO;
				DEBUG_INFORMATION_FORMAT = "dwarf-with-dsym";
				ENABLE_NS_ASSERTIONS = NO;
				ENABLE_STRICT_OBJC_MSGSEND = YES;
				GCC_C_LANGUAGE_STANDARD = gnu11;
				GCC_NO_COMMON_BLOCKS = YES;
				GCC_WARN_64_TO_32_BIT_CONVERSION = YES;
				GCC_WARN_ABOUT_RETURN_TYPE = YES_ERROR;
				GCC_WARN_UNDECLARED_SELECTOR = YES;
				GCC_WARN_UNINITIALIZED_AUTOS = YES_AGGRESSIVE;
				GCC_WARN_UNUSED_FUNCTION = YES;
				GCC_WARN_UNUSED_VARIABLE = YES;
				IPHONEOS_DEPLOYMENT_TARGET = 9.0;
				MTL_ENABLE_DEBUG_INFO = NO;
				SDKROOT = iphoneos;
				SWIFT_OPTIMIZATION_LEVEL = "-Owholemodule";
				VALIDATE_PRODUCT = YES;
			};
			name = Release;
		};
		DD35D967201B5F390049ED03 /* Debug */ = {
			isa = XCBuildConfiguration;
			baseConfigurationReference = 0EB8B55029E6F28D53F29AC6 /* Pods-Example.debug.xcconfig */;
			buildSettings = {
				ASSETCATALOG_COMPILER_APPICON_NAME = AppIcon;
				CODE_SIGN_STYLE = Automatic;
				DEVELOPMENT_TEAM = NPGMYNXF85;
				INFOPLIST_FILE = "Source/Supporting Files/Info.plist";
				LD_RUNPATH_SEARCH_PATHS = "$(inherited) @executable_path/Frameworks";
				PRODUCT_BUNDLE_IDENTIFIER = io.touchlane.Example;
				PRODUCT_NAME = "$(TARGET_NAME)";
				SWIFT_VERSION = 5.0;
				TARGETED_DEVICE_FAMILY = "1,2";
			};
			name = Debug;
		};
		DD35D968201B5F390049ED03 /* Release */ = {
			isa = XCBuildConfiguration;
			baseConfigurationReference = 48A6ED6856A279C10ADFFE58 /* Pods-Example.release.xcconfig */;
			buildSettings = {
				ASSETCATALOG_COMPILER_APPICON_NAME = AppIcon;
				CODE_SIGN_STYLE = Automatic;
				DEVELOPMENT_TEAM = NPGMYNXF85;
				INFOPLIST_FILE = "Source/Supporting Files/Info.plist";
				LD_RUNPATH_SEARCH_PATHS = "$(inherited) @executable_path/Frameworks";
				PRODUCT_BUNDLE_IDENTIFIER = io.touchlane.Example;
				PRODUCT_NAME = "$(TARGET_NAME)";
				SWIFT_VERSION = 5.0;
				TARGETED_DEVICE_FAMILY = "1,2";
			};
			name = Release;
		};
/* End XCBuildConfiguration section */

/* Begin XCConfigurationList section */
		DD35D94F201B5F390049ED03 /* Build configuration list for PBXProject "Example" */ = {
			isa = XCConfigurationList;
			buildConfigurations = (
				DD35D964201B5F390049ED03 /* Debug */,
				DD35D965201B5F390049ED03 /* Release */,
			);
			defaultConfigurationIsVisible = 0;
			defaultConfigurationName = Release;
		};
		DD35D966201B5F390049ED03 /* Build configuration list for PBXNativeTarget "Example" */ = {
			isa = XCConfigurationList;
			buildConfigurations = (
				DD35D967201B5F390049ED03 /* Debug */,
				DD35D968201B5F390049ED03 /* Release */,
			);
			defaultConfigurationIsVisible = 0;
			defaultConfigurationName = Release;
		};
/* End XCConfigurationList section */
	};
	rootObject = DD35D94C201B5F390049ED03 /* Project object */;
}
